
Microsoft Visual Studio Solution File, Format Version 12.00
# Visual Studio Version 17
VisualStudioVersion = 17.0.31919.166
MinimumVisualStudioVersion = 10.0.40219.1
Project("{FAE04EC0-301F-11D3-BF4B-00C04F79EFBC}") = "CICDGithubAction.WPF", "CICDGithubAction.WPF\CICDGithubAction.WPF.csproj", "{82F74DBD-70EB-44DC-B86A-1441FF9056D5}"
EndProject
Global
	GlobalSection(SolutionConfigurationPlatforms) = preSolution
		Debug|Any CPU = Debug|Any CPU
		Release|Any CPU = Release|Any CPU
	EndGlobalSection
	GlobalSection(ProjectConfigurationPlatforms) = postSolution
		{82F74DBD-70EB-44DC-B86A-1441FF9056D5}.Debug|Any CPU.ActiveCfg = Debug|Any CPU
		{82F74DBD-70EB-44DC-B86A-1441FF9056D5}.Debug|Any CPU.Build.0 = Debug|Any CPU
		{82F74DBD-70EB-44DC-B86A-1441FF9056D5}.Release|Any CPU.ActiveCfg = Release|Any CPU
		{82F74DBD-70EB-44DC-B86A-1441FF9056D5}.Release|Any CPU.Build.0 = Release|Any CPU
	EndGlobalSection
	GlobalSection(SolutionProperties) = preSolution
		HideSolutionNode = FALSE
	EndGlobalSection
	GlobalSection(ExtensibilityGlobals) = postSolution
		SolutionGuid = {D464D797-FC9A-4317-90AC-86F7D1878E62}
	EndGlobalSection
EndGlobal
